
Microsoft Visual Studio Solution File, Format Version 12.00
# Visual Studio 2013
VisualStudioVersion = 12.0.31101.0
MinimumVisualStudioVersion = 10.0.40219.1
Project("{FAE04EC0-301F-11D3-BF4B-00C04F79EFBC}") = "Project", "Project\Project.csproj", "{31E2C873-5973-4667-880A-0712C59B443E}"
EndProject
Project("{F088123C-0E9E-452A-89E6-6BA2F21D5CAC}") = "ModelingProject1", "ModelingProject1\ModelingProject1.modelproj", "{543500C2-C2F5-4037-9B55-525164D9471B}"
EndProject
Global
	GlobalSection(SolutionConfigurationPlatforms) = preSolution
		Debug|Any CPU = Debug|Any CPU
		Release|Any CPU = Release|Any CPU
	EndGlobalSection
	GlobalSection(ProjectConfigurationPlatforms) = postSolution
		{31E2C873-5973-4667-880A-0712C59B443E}.Debug|Any CPU.ActiveCfg = Debug|Any CPU
		{31E2C873-5973-4667-880A-0712C59B443E}.Debug|Any CPU.Build.0 = Debug|Any CPU
		{31E2C873-5973-4667-880A-0712C59B443E}.Release|Any CPU.ActiveCfg = Release|Any CPU
		{31E2C873-5973-4667-880A-0712C59B443E}.Release|Any CPU.Build.0 = Release|Any CPU
		{543500C2-C2F5-4037-9B55-525164D9471B}.Debug|Any CPU.ActiveCfg = Debug|Any CPU
		{543500C2-C2F5-4037-9B55-525164D9471B}.Debug|Any CPU.Build.0 = Debug|Any CPU
		{543500C2-C2F5-4037-9B55-525164D9471B}.Release|Any CPU.ActiveCfg = Release|Any CPU
		{543500C2-C2F5-4037-9B55-525164D9471B}.Release|Any CPU.Build.0 = Release|Any CPU
	EndGlobalSection
	GlobalSection(SolutionProperties) = preSolution
		HideSolutionNode = FALSE
	EndGlobalSection
EndGlobal
